
Microsoft Visual Studio Solution File, Format Version 12.00
# Visual Studio 15
Project("{FAE04EC0-301F-11D3-BF4B-00C04F79EFBC}") = "WebSocket", "WebSocket\WebSocket.csproj", "{40E1DC21-97A8-41D2-9941-D30A73C1A63B}"
EndProject
Global
	GlobalSection(SolutionConfigurationPlatforms) = preSolution
		Debug|Any CPU = Debug|Any CPU
		Release|Any CPU = Release|Any CPU
	EndGlobalSection
	GlobalSection(ProjectConfigurationPlatforms) = postSolution
		{40E1DC21-97A8-41D2-9941-D30A73C1A63B}.Debug|Any CPU.ActiveCfg = Debug|Any CPU
		{40E1DC21-97A8-41D2-9941-D30A73C1A63B}.Debug|Any CPU.Build.0 = Debug|Any CPU
		{40E1DC21-97A8-41D2-9941-D30A73C1A63B}.Release|Any CPU.ActiveCfg = Release|Any CPU
		{40E1DC21-97A8-41D2-9941-D30A73C1A63B}.Release|Any CPU.Build.0 = Release|Any CPU
	EndGlobalSection
EndGlobal
